// !$*UTF8*$!
{
	archiveVersion = 1;
	classes = {
	};
	objectVersion = 77;
	objects = {

/* Begin PBXBuildFile section */
		390B36562FB70C4100CE8BBC /* Tetris (JUE) (V1.1) [!].gb in Resources */ = {isa = PBXBuildFile; fileRef = 390B36532FB70C4100CE8BBC /* Tetris (JUE) (V1.1) [!].gb */; };
		390B36572FB70C4100CE8BBC /* 16032772-gremlins-2-the-new-batch-game-boy-title-screen.png in Resources */ = {isa = PBXBuildFile; fileRef = 390B36512FB70C4100CE8BBC /* 16032772-gremlins-2-the-new-batch-game-boy-title-screen.png */; };
		390B36582FB70C4100CE8BBC /* Gremlins 2 - The New Batch (World).gb in Resources */ = {isa = PBXBuildFile; fileRef = 390B36522FB70C4100CE8BBC /* Gremlins 2 - The New Batch (World).gb */; };
		390B36592FB70C4100CE8BBC /* tetris_gameboy_00.png in Resources */ = {isa = PBXBuildFile; fileRef = 390B36542FB70C4100CE8BBC /* tetris_gameboy_00.png */; };
		39164D0B2FB62B51002FC8A3 /* SDL3.framework in Frameworks */ = {isa = PBXBuildFile; fileRef = 39164D092FB62B48002FC8A3 /* SDL3.framework */; };
		39164D0C2FB62B51002FC8A3 /* SDL3.framework in Embed Frameworks */ = {isa = PBXBuildFile; fileRef = 39164D092FB62B48002FC8A3 /* SDL3.framework */; settings = {ATTRIBUTES = (CodeSignOnCopy, RemoveHeadersOnCopy, ); }; };
		39164D262FB62C4D002FC8A3 /* gbemu.cpp in Sources */ = {isa = PBXBuildFile; fileRef = 39164D212FB62C4D002FC8A3 /* gbemu.cpp */; };
		39164D272FB62C4D002FC8A3 /* gbcpu.cpp in Sources */ = {isa = PBXBuildFile; fileRef = 39164D1F2FB62C4D002FC8A3 /* gbcpu.cpp */; };
		39164D282FB62C4D002FC8A3 /* gbbus.cpp in Sources */ = {isa = PBXBuildFile; fileRef = 39164D1D2FB62C4D002FC8A3 /* gbbus.cpp */; };
		39164D292FB62C4D002FC8A3 /* gbppu.cpp in Sources */ = {isa = PBXBuildFile; fileRef = 39164D222FB62C4D002FC8A3 /* gbppu.cpp */; };
		39164D2A2FB62C4D002FC8A3 /* main.cpp in Sources */ = {isa = PBXBuildFile; fileRef = 39164D232FB62C4D002FC8A3 /* main.cpp */; };
		39164D2B2FB62C4D002FC8A3 /* gbcomponent.cpp in Sources */ = {isa = PBXBuildFile; fileRef = 39164D1E2FB62C4D002FC8A3 /* gbcomponent.cpp */; };
		39164D2C2FB62C4D002FC8A3 /* sdlemu.cpp in Sources */ = {isa = PBXBuildFile; fileRef = 39164D242FB62C4D002FC8A3 /* sdlemu.cpp */; };
		39164D2D2FB62C4D002FC8A3 /* gbdsk.cpp in Sources */ = {isa = PBXBuildFile; fileRef = 39164D202FB62C4D002FC8A3 /* gbdsk.cpp */; };
/* End PBXBuildFile section */

/* Begin PBXContainerItemProxy section */
		39164D082FB62B48002FC8A3 /* PBXContainerItemProxy */ = {
			isa = PBXContainerItemProxy;
			containerPortal = 39164D002FB62B47002FC8A3 /* SDL.xcodeproj */;
			proxyType = 2;
			remoteGlobalIDString = BECDF66C0761BA81005FE872;
			remoteInfo = SDL3;
		};
/* End PBXContainerItemProxy section */

/* Begin PBXCopyFilesBuildPhase section */
		39164CFD2FB62978002FC8A3 /* Embed Frameworks */ = {
			isa = PBXCopyFilesBuildPhase;
			buildActionMask = 2147483647;
			dstPath = "";
			dstSubfolderSpec = 10;
			files = (
				39164D0C2FB62B51002FC8A3 /* SDL3.framework in Embed Frameworks */,
			);
			name = "Embed Frameworks";
			runOnlyForDeploymentPostprocessing = 0;
		};
/* End PBXCopyFilesBuildPhase section */

/* Begin PBXFileReference section */
		390B36512FB70C4100CE8BBC /* 16032772-gremlins-2-the-new-batch-game-boy-title-screen.png */ = {isa = PBXFileReference; lastKnownFileType = image.png; path = "16032772-gremlins-2-the-new-batch-game-boy-title-screen.png"; sourceTree = "<group>"; };
		390B36522FB70C4100CE8BBC /* Gremlins 2 - The New Batch (World).gb */ = {isa = PBXFileReference; lastKnownFileType = file; path = "Gremlins 2 - The New Batch (World).gb"; sourceTree = "<group>"; };
		390B36532FB70C4100CE8BBC /* Tetris (JUE) (V1.1) [!].gb */ = {isa = PBXFileReference; lastKnownFileType = file; path = "Tetris (JUE) (V1.1) [!].gb"; sourceTree = "<group>"; };
		390B36542FB70C4100CE8BBC /* tetris_gameboy_00.png */ = {isa = PBXFileReference; lastKnownFileType = image.png; path = tetris_gameboy_00.png; sourceTree = "<group>"; };
		39164D002FB62B47002FC8A3 /* SDL.xcodeproj */ = {isa = PBXFileReference; lastKnownFileType = "wrapper.pb-project"; name = SDL.xcodeproj; path = /Users/heibalvin/Github/heibalvin/SDL/Xcode/SDL/SDL.xcodeproj; sourceTree = "<absolute>"; };
		39164D152FB62C4D002FC8A3 /* gbbus.hpp */ = {isa = PBXFileReference; lastKnownFileType = sourcecode.cpp.h; path = gbbus.hpp; sourceTree = "<group>"; };
		39164D162FB62C4D002FC8A3 /* gbcomponent.hpp */ = {isa = PBXFileReference; lastKnownFileType = sourcecode.cpp.h; path = gbcomponent.hpp; sourceTree = "<group>"; };
		39164D172FB62C4D002FC8A3 /* gbcpu.hpp */ = {isa = PBXFileReference; lastKnownFileType = sourcecode.cpp.h; path = gbcpu.hpp; sourceTree = "<group>"; };
		39164D182FB62C4D002FC8A3 /* gbdsk.hpp */ = {isa = PBXFileReference; lastKnownFileType = sourcecode.cpp.h; path = gbdsk.hpp; sourceTree = "<group>"; };
		39164D192FB62C4D002FC8A3 /* gbemu.hpp */ = {isa = PBXFileReference; lastKnownFileType = sourcecode.cpp.h; path = gbemu.hpp; sourceTree = "<group>"; };
		39164D1A2FB62C4D002FC8A3 /* gbppu.hpp */ = {isa = PBXFileReference; lastKnownFileType = sourcecode.cpp.h; path = gbppu.hpp; sourceTree = "<group>"; };
		39164D1B2FB62C4D002FC8A3 /* sdlemu.hpp */ = {isa = PBXFileReference; lastKnownFileType = sourcecode.cpp.h; path = sdlemu.hpp; sourceTree = "<group>"; };
		39164D1D2FB62C4D002FC8A3 /* gbbus.cpp */ = {isa = PBXFileReference; lastKnownFileType = sourcecode.cpp.cpp; path = gbbus.cpp; sourceTree = "<group>"; };
		39164D1E2FB62C4D002FC8A3 /* gbcomponent.cpp */ = {isa = PBXFileReference; lastKnownFileType = sourcecode.cpp.cpp; path = gbcomponent.cpp; sourceTree = "<group>"; };
		39164D1F2FB62C4D002FC8A3 /* gbcpu.cpp */ = {isa = PBXFileReference; lastKnownFileType = sourcecode.cpp.cpp; path = gbcpu.cpp; sourceTree = "<group>"; };
		39164D202FB62C4D002FC8A3 /* gbdsk.cpp */ = {isa = PBXFileReference; lastKnownFileType = sourcecode.cpp.cpp; path = gbdsk.cpp; sourceTree = "<group>"; };
		39164D212FB62C4D002FC8A3 /* gbemu.cpp */ = {isa = PBXFileReference; lastKnownFileType = sourcecode.cpp.cpp; path = gbemu.cpp; sourceTree = "<group>"; };
		39164D222FB62C4D002FC8A3 /* gbppu.cpp */ = {isa = PBXFileReference; lastKnownFileType = sourcecode.cpp.cpp; path = gbppu.cpp; sourceTree = "<group>"; };
		39164D232FB62C4D002FC8A3 /* main.cpp */ = {isa = PBXFileReference; lastKnownFileType = sourcecode.cpp.cpp; path = main.cpp; sourceTree = "<group>"; };
		39164D242FB62C4D002FC8A3 /* sdlemu.cpp */ = {isa = PBXFileReference; lastKnownFileType = sourcecode.cpp.cpp; path = sdlemu.cpp; sourceTree = "<group>"; };
		39EE4F302FB5EAF60001C645 /* GBEMUMacOS.app */ = {isa = PBXFileReference; explicitFileType = wrapper.application; includeInIndex = 0; path = GBEMUMacOS.app; sourceTree = BUILT_PRODUCTS_DIR; };
/* End PBXFileReference section */

/* Begin PBXFileSystemSynchronizedRootGroup section */
		39EE4F322FB5EAF60001C645 /* GBEMUMacOS */ = {
			isa = PBXFileSystemSynchronizedRootGroup;
			path = GBEMUMacOS;
			sourceTree = "<group>";
		};
/* End PBXFileSystemSynchronizedRootGroup section */

/* Begin PBXFrameworksBuildPhase section */
		39EE4F2D2FB5EAF60001C645 /* Frameworks */ = {
			isa = PBXFrameworksBuildPhase;
			buildActionMask = 2147483647;
			files = (
				39164D0B2FB62B51002FC8A3 /* SDL3.framework in Frameworks */,
			);
			runOnlyForDeploymentPostprocessing = 0;
		};
/* End PBXFrameworksBuildPhase section */

/* Begin PBXGroup section */
		390B36552FB70C4100CE8BBC /* Resources */ = {
			isa = PBXGroup;
			children = (
				390B36512FB70C4100CE8BBC /* 16032772-gremlins-2-the-new-batch-game-boy-title-screen.png */,
				390B36522FB70C4100CE8BBC /* Gremlins 2 - The New Batch (World).gb */,
				390B36532FB70C4100CE8BBC /* Tetris (JUE) (V1.1) [!].gb */,
				390B36542FB70C4100CE8BBC /* tetris_gameboy_00.png */,
			);
			name = Resources;
			path = ../GBEMU/Resources;
			sourceTree = SOURCE_ROOT;
		};
		39164D032FB62B47002FC8A3 /* Products */ = {
			isa = PBXGroup;
			children = (
				39164D092FB62B48002FC8A3 /* SDL3.framework */,
			);
			name = Products;
			sourceTree = "<group>";
		};
		39164D0A2FB62B51002FC8A3 /* Frameworks */ = {
			isa = PBXGroup;
			children = (
			);
			name = Frameworks;
			sourceTree = "<group>";
		};
		39164D1C2FB62C4D002FC8A3 /* Include */ = {
			isa = PBXGroup;
			children = (
				39164D152FB62C4D002FC8A3 /* gbbus.hpp */,
				39164D162FB62C4D002FC8A3 /* gbcomponent.hpp */,
				39164D172FB62C4D002FC8A3 /* gbcpu.hpp */,
				39164D182FB62C4D002FC8A3 /* gbdsk.hpp */,
				39164D192FB62C4D002FC8A3 /* gbemu.hpp */,
				39164D1A2FB62C4D002FC8A3 /* gbppu.hpp */,
				39164D1B2FB62C4D002FC8A3 /* sdlemu.hpp */,
			);
			path = Include;
			sourceTree = "<group>";
		};
		39164D252FB62C4D002FC8A3 /* Source */ = {
			isa = PBXGroup;
			children = (
				39164D1C2FB62C4D002FC8A3 /* Include */,
				39164D1D2FB62C4D002FC8A3 /* gbbus.cpp */,
				39164D1E2FB62C4D002FC8A3 /* gbcomponent.cpp */,
				39164D1F2FB62C4D002FC8A3 /* gbcpu.cpp */,
				39164D202FB62C4D002FC8A3 /* gbdsk.cpp */,
				39164D212FB62C4D002FC8A3 /* gbemu.cpp */,
				39164D222FB62C4D002FC8A3 /* gbppu.cpp */,
				39164D232FB62C4D002FC8A3 /* main.cpp */,
				39164D242FB62C4D002FC8A3 /* sdlemu.cpp */,
			);
			name = Source;
			path = ../GBEMU/Source;
			sourceTree = SOURCE_ROOT;
		};
		39EE4F272FB5EAF60001C645 = {
			isa = PBXGroup;
			children = (
				390B36552FB70C4100CE8BBC /* Resources */,
				39164D002FB62B47002FC8A3 /* SDL.xcodeproj */,
				39164D252FB62C4D002FC8A3 /* Source */,
				39EE4F322FB5EAF60001C645 /* GBEMUMacOS */,
				39164D0A2FB62B51002FC8A3 /* Frameworks */,
				39EE4F312FB5EAF60001C645 /* Products */,
			);
			sourceTree = "<group>";
		};
		39EE4F312FB5EAF60001C645 /* Products */ = {
			isa = PBXGroup;
			children = (
				39EE4F302FB5EAF60001C645 /* GBEMUMacOS.app */,
			);
			name = Products;
			sourceTree = "<group>";
		};
/* End PBXGroup section */

/* Begin PBXNativeTarget section */
		39EE4F2F2FB5EAF60001C645 /* GBEMUMacOS */ = {
			isa = PBXNativeTarget;
			buildConfigurationList = 39EE4F422FB5EAF70001C645 /* Build configuration list for PBXNativeTarget "GBEMUMacOS" */;
			buildPhases = (
				39EE4F2C2FB5EAF60001C645 /* Sources */,
				39EE4F2D2FB5EAF60001C645 /* Frameworks */,
				39EE4F2E2FB5EAF60001C645 /* Resources */,
				39164CFD2FB62978002FC8A3 /* Embed Frameworks */,
			);
			buildRules = (
			);
			dependencies = (
			);
			fileSystemSynchronizedGroups = (
				39EE4F322FB5EAF60001C645 /* GBEMUMacOS */,
			);
			name = GBEMUMacOS;
			packageProductDependencies = (
			);
			productName = GBEMUMacOS;
			productReference = 39EE4F302FB5EAF60001C645 /* GBEMUMacOS.app */;
			productType = "com.apple.product-type.application";
		};
/* End PBXNativeTarget section */

/* Begin PBXProject section */
		39EE4F282FB5EAF60001C645 /* Project object */ = {
			isa = PBXProject;
			attributes = {
				BuildIndependentTargetsInParallel = 1;
				LastUpgradeCheck = 2640;
				TargetAttributes = {
					39EE4F2F2FB5EAF60001C645 = {
						CreatedOnToolsVersion = 26.4;
						LastSwiftMigration = 2640;
					};
				};
			};
			buildConfigurationList = 39EE4F2B2FB5EAF60001C645 /* Build configuration list for PBXProject "GBEMUMacOS" */;
			developmentRegion = en;
			hasScannedForEncodings = 0;
			knownRegions = (
				en,
				Base,
			);
			mainGroup = 39EE4F272FB5EAF60001C645;
			minimizedProjectReferenceProxies = 1;
			packageReferences = (
			);
			preferredProjectObjectVersion = 77;
			productRefGroup = 39EE4F312FB5EAF60001C645 /* Products */;
			projectDirPath = "";
			projectReferences = (
				{
					ProductGroup = 39164D032FB62B47002FC8A3 /* Products */;
					ProjectRef = 39164D002FB62B47002FC8A3 /* SDL.xcodeproj */;
				},
			);
			projectRoot = "";
			targets = (
				39EE4F2F2FB5EAF60001C645 /* GBEMUMacOS */,
			);
		};
/* End PBXProject section */

/* Begin PBXReferenceProxy section */
		39164D092FB62B48002FC8A3 /* SDL3.framework */ = {
			isa = PBXReferenceProxy;
			fileType = wrapper.framework;
			path = SDL3.framework;
			remoteRef = 39164D082FB62B48002FC8A3 /* PBXContainerItemProxy */;
			sourceTree = BUILT_PRODUCTS_DIR;
		};
/* End PBXReferenceProxy section */

/* Begin PBXResourcesBuildPhase section */
		39EE4F2E2FB5EAF60001C645 /* Resources */ = {
			isa = PBXResourcesBuildPhase;
			buildActionMask = 2147483647;
			files = (
				390B36562FB70C4100CE8BBC /* Tetris (JUE) (V1.1) [!].gb in Resources */,
				390B36572FB70C4100CE8BBC /* 16032772-gremlins-2-the-new-batch-game-boy-title-screen.png in Resources */,
				390B36582FB70C4100CE8BBC /* Gremlins 2 - The New Batch (World).gb in Resources */,
				390B36592FB70C4100CE8BBC /* tetris_gameboy_00.png in Resources */,
			);
			runOnlyForDeploymentPostprocessing = 0;
		};
/* End PBXResourcesBuildPhase section */

/* Begin PBXSourcesBuildPhase section */
		39EE4F2C2FB5EAF60001C645 /* Sources */ = {
			isa = PBXSourcesBuildPhase;
			buildActionMask = 2147483647;
			files = (
				39164D262FB62C4D002FC8A3 /* gbemu.cpp in Sources */,
				39164D272FB62C4D002FC8A3 /* gbcpu.cpp in Sources */,
				39164D282FB62C4D002FC8A3 /* gbbus.cpp in Sources */,
				39164D292FB62C4D002FC8A3 /* gbppu.cpp in Sources */,
				39164D2A2FB62C4D002FC8A3 /* main.cpp in Sources */,
				39164D2B2FB62C4D002FC8A3 /* gbcomponent.cpp in Sources */,
				39164D2C2FB62C4D002FC8A3 /* sdlemu.cpp in Sources */,
				39164D2D2FB62C4D002FC8A3 /* gbdsk.cpp in Sources */,
			);
			runOnlyForDeploymentPostprocessing = 0;
		};
/* End PBXSourcesBuildPhase section */

/* Begin XCBuildConfiguration section */
		39EE4F402FB5EAF70001C645 /* Debug */ = {
			isa = XCBuildConfiguration;
			buildSettings = {
				ALWAYS_SEARCH_USER_PATHS = NO;
				ASSETCATALOG_COMPILER_GENERATE_SWIFT_ASSET_SYMBOL_EXTENSIONS = YES;
				CLANG_ANALYZER_NONNULL = YES;
				CLANG_ANALYZER_NUMBER_OBJECT_CONVERSION = YES_AGGRESSIVE;
				CLANG_CXX_LANGUAGE_STANDARD = "gnu++20";
				CLANG_ENABLE_MODULES = YES;
				CLANG_ENABLE_OBJC_ARC = YES;
				CLANG_ENABLE_OBJC_WEAK = YES;
				CLANG_WARN_BLOCK_CAPTURE_AUTORELEASING = YES;
				CLANG_WARN_BOOL_CONVERSION = YES;
				CLANG_WARN_COMMA = YES;
				CLANG_WARN_CONSTANT_CONVERSION = YES;
				CLANG_WARN_DEPRECATED_OBJC_IMPLEMENTATIONS = YES;
				CLANG_WARN_DIRECT_OBJC_ISA_USAGE = YES_ERROR;
				CLANG_WARN_DOCUMENTATION_COMMENTS = YES;
				CLANG_WARN_EMPTY_BODY = YES;
				CLANG_WARN_ENUM_CONVERSION = YES;
				CLANG_WARN_INFINITE_RECURSION = YES;
				CLANG_WARN_INT_CONVERSION = YES;
				CLANG_WARN_NON_LITERAL_NULL_CONVERSION = YES;
				CLANG_WARN_OBJC_IMPLICIT_RETAIN_SELF = YES;
				CLANG_WARN_OBJC_LITERAL_CONVERSION = YES;
				CLANG_WARN_OBJC_ROOT_CLASS = YES_ERROR;
				CLANG_WARN_QUOTED_INCLUDE_IN_FRAMEWORK_HEADER = YES;
				CLANG_WARN_RANGE_LOOP_ANALYSIS = YES;
				CLANG_WARN_STRICT_PROTOTYPES = YES;
				CLANG_WARN_SUSPICIOUS_MOVE = YES;
				CLANG_WARN_UNGUARDED_AVAILABILITY = YES_AGGRESSIVE;
				CLANG_WARN_UNREACHABLE_CODE = YES;
				CLANG_WARN__DUPLICATE_METHOD_MATCH = YES;
				COPY_PHASE_STRIP = NO;
				DEBUG_INFORMATION_FORMAT = dwarf;
				DEVELOPMENT_TEAM = 7V6MT62TPQ;
				ENABLE_STRICT_OBJC_MSGSEND = YES;
				ENABLE_TESTABILITY = YES;
				ENABLE_USER_SCRIPT_SANDBOXING = YES;
				GCC_C_LANGUAGE_STANDARD = gnu17;
				GCC_DYNAMIC_NO_PIC = NO;
				GCC_NO_COMMON_BLOCKS = YES;
				GCC_OPTIMIZATION_LEVEL = 0;
				GCC_PREPROCESSOR_DEFINITIONS = (
					"DEBUG=1",
					"$(inherited)",
				);
				GCC_WARN_64_TO_32_BIT_CONVERSION = YES;
				GCC_WARN_ABOUT_RETURN_TYPE = YES_ERROR;
				GCC_WARN_UNDECLARED_SELECTOR = YES;
				GCC_WARN_UNINITIALIZED_AUTOS = YES_AGGRESSIVE;
				GCC_WARN_UNUSED_FUNCTION = YES;
				GCC_WARN_UNUSED_VARIABLE = YES;
				LOCALIZATION_PREFERS_STRING_CATALOGS = YES;
				MACOSX_DEPLOYMENT_TARGET = 26.3;
				MTL_ENABLE_DEBUG_INFO = INCLUDE_SOURCE;
				MTL_FAST_MATH = YES;
				ONLY_ACTIVE_ARCH = YES;
				SDKROOT = macosx;
			};
			name = Debug;
		};
		39EE4F412FB5EAF70001C645 /* Release */ = {
			isa = XCBuildConfiguration;
			buildSettings = {
				ALWAYS_SEARCH_USER_PATHS = NO;
				ASSETCATALOG_COMPILER_GENERATE_SWIFT_ASSET_SYMBOL_EXTENSIONS = YES;
				CLANG_ANALYZER_NONNULL = YES;
				CLANG_ANALYZER_NUMBER_OBJECT_CONVERSION = YES_AGGRESSIVE;
				CLANG_CXX_LANGUAGE_STANDARD = "gnu++20";
				CLANG_ENABLE_MODULES = YES;
				CLANG_ENABLE_OBJC_ARC = YES;
				CLANG_ENABLE_OBJC_WEAK = YES;
				CLANG_WARN_BLOCK_CAPTURE_AUTORELEASING = YES;
				CLANG_WARN_BOOL_CONVERSION = YES;
				CLANG_WARN_COMMA = YES;
				CLANG_WARN_CONSTANT_CONVERSION = YES;
				CLANG_WARN_DEPRECATED_OBJC_IMPLEMENTATIONS = YES;
				CLANG_WARN_DIRECT_OBJC_ISA_USAGE = YES_ERROR;
				CLANG_WARN_DOCUMENTATION_COMMENTS = YES;
				CLANG_WARN_EMPTY_BODY = YES;
				CLANG_WARN_ENUM_CONVERSION = YES;
				CLANG_WARN_INFINITE_RECURSION = YES;
				CLANG_WARN_INT_CONVERSION = YES;
				CLANG_WARN_NON_LITERAL_NULL_CONVERSION = YES;
				CLANG_WARN_OBJC_IMPLICIT_RETAIN_SELF = YES;
				CLANG_WARN_OBJC_LITERAL_CONVERSION = YES;
				CLANG_WARN_OBJC_ROOT_CLASS = YES_ERROR;
				CLANG_WARN_QUOTED_INCLUDE_IN_FRAMEWORK_HEADER = YES;
				CLANG_WARN_RANGE_LOOP_ANALYSIS = YES;
				CLANG_WARN_STRICT_PROTOTYPES = YES;
				CLANG_WARN_SUSPICIOUS_MOVE = YES;
				CLANG_WARN_UNGUARDED_AVAILABILITY = YES_AGGRESSIVE;
				CLANG_WARN_UNREACHABLE_CODE = YES;
				CLANG_WARN__DUPLICATE_METHOD_MATCH = YES;
				COPY_PHASE_STRIP = NO;
				DEBUG_INFORMATION_FORMAT = "dwarf-with-dsym";
				DEVELOPMENT_TEAM = 7V6MT62TPQ;
				ENABLE_NS_ASSERTIONS = NO;
				ENABLE_STRICT_OBJC_MSGSEND = YES;
				ENABLE_USER_SCRIPT_SANDBOXING = YES;
				GCC_C_LANGUAGE_STANDARD = gnu17;
				GCC_NO_COMMON_BLOCKS = YES;
				GCC_WARN_64_TO_32_BIT_CONVERSION = YES;
				GCC_WARN_ABOUT_RETURN_TYPE = YES_ERROR;
				GCC_WARN_UNDECLARED_SELECTOR = YES;
				GCC_WARN_UNINITIALIZED_AUTOS = YES_AGGRESSIVE;
				GCC_WARN_UNUSED_FUNCTION = YES;
				GCC_WARN_UNUSED_VARIABLE = YES;
				LOCALIZATION_PREFERS_STRING_CATALOGS = YES;
				MACOSX_DEPLOYMENT_TARGET = 26.3;
				MTL_ENABLE_DEBUG_INFO = NO;
				MTL_FAST_MATH = YES;
				SDKROOT = macosx;
			};
			name = Release;
		};
		39EE4F432FB5EAF70001C645 /* Debug */ = {
			isa = XCBuildConfiguration;
			buildSettings = {
				ASSETCATALOG_COMPILER_APPICON_NAME = AppIcon;
				ASSETCATALOG_COMPILER_GLOBAL_ACCENT_COLOR_NAME = AccentColor;
				CLANG_ENABLE_MODULES = YES;
				CODE_SIGN_STYLE = Automatic;
				COMBINE_HIDPI_IMAGES = YES;
				CURRENT_PROJECT_VERSION = 1;
				DEVELOPMENT_TEAM = 7V6MT62TPQ;
				ENABLE_APP_SANDBOX = YES;
				ENABLE_HARDENED_RUNTIME = YES;
				ENABLE_USER_SELECTED_FILES = readonly;
				FRAMEWORK_SEARCH_PATHS = "";
				GENERATE_INFOPLIST_FILE = YES;
				HEADER_SEARCH_PATHS = "";
				INFOPLIST_KEY_NSHumanReadableCopyright = "";
				INFOPLIST_KEY_NSPrincipalClass = NSApplication;
				LD_RUNPATH_SEARCH_PATHS = (
					"$(inherited)",
					"@executable_path/../Frameworks",
				);
				LIBRARY_SEARCH_PATHS = "";
				MARKETING_VERSION = 1.0;
				PRODUCT_BUNDLE_IDENTIFIER = "akashatek.retro-gaming.GBEMUMacOS";
				PRODUCT_NAME = "$(TARGET_NAME)";
				REGISTER_APP_GROUPS = YES;
				STRING_CATALOG_GENERATE_SYMBOLS = YES;
				SWIFT_EMIT_LOC_STRINGS = YES;
				SWIFT_OPTIMIZATION_LEVEL = "-Onone";
				SWIFT_VERSION = 6.0;
			};
			name = Debug;
		};
		39EE4F442FB5EAF70001C645 /* Release */ = {
			isa = XCBuildConfiguration;
			buildSettings = {
				ASSETCATALOG_COMPILER_APPICON_NAME = AppIcon;
				ASSETCATALOG_COMPILER_GLOBAL_ACCENT_COLOR_NAME = AccentColor;
				CLANG_ENABLE_MODULES = YES;
				CODE_SIGN_STYLE = Automatic;
				COMBINE_HIDPI_IMAGES = YES;
				CURRENT_PROJECT_VERSION = 1;
				DEVELOPMENT_TEAM = 7V6MT62TPQ;
				ENABLE_APP_SANDBOX = YES;
				ENABLE_HARDENED_RUNTIME = YES;
				ENABLE_USER_SELECTED_FILES = readonly;
				FRAMEWORK_SEARCH_PATHS = "";
				GENERATE_INFOPLIST_FILE = YES;
				HEADER_SEARCH_PATHS = "";
				INFOPLIST_KEY_NSHumanReadableCopyright = "";
				INFOPLIST_KEY_NSPrincipalClass = NSApplication;
				LD_RUNPATH_SEARCH_PATHS = (
					"$(inherited)",
					"@executable_path/../Frameworks",
				);
				LIBRARY_SEARCH_PATHS = "";
				MARKETING_VERSION = 1.0;
				PRODUCT_BUNDLE_IDENTIFIER = "akashatek.retro-gaming.GBEMUMacOS";
				PRODUCT_NAME = "$(TARGET_NAME)";
				REGISTER_APP_GROUPS = YES;
				STRING_CATALOG_GENERATE_SYMBOLS = YES;
				SWIFT_EMIT_LOC_STRINGS = YES;
				SWIFT_VERSION = 6.0;
			};
			name = Release;
		};
/* End XCBuildConfiguration section */

/* Begin XCConfigurationList section */
		39EE4F2B2FB5EAF60001C645 /* Build configuration list for PBXProject "GBEMUMacOS" */ = {
			isa = XCConfigurationList;
			buildConfigurations = (
				39EE4F402FB5EAF70001C645 /* Debug */,
				39EE4F412FB5EAF70001C645 /* Release */,
			);
			defaultConfigurationIsVisible = 0;
			defaultConfigurationName = Release;
		};
		39EE4F422FB5EAF70001C645 /* Build configuration list for PBXNativeTarget "GBEMUMacOS" */ = {
			isa = XCConfigurationList;
			buildConfigurations = (
				39EE4F432FB5EAF70001C645 /* Debug */,
				39EE4F442FB5EAF70001C645 /* Release */,
			);
			defaultConfigurationIsVisible = 0;
			defaultConfigurationName = Release;
		};
/* End XCConfigurationList section */
	};
	rootObject = 39EE4F282FB5EAF60001C645 /* Project object */;
}
